{
  "name": "@ztwx/auto-template",
  "version": "0.0.1",
  "lockfileVersion": 1,
  "requires": true,
  "dependencies": {
    "@types/node": {
      "version": "13.9.8",
      "dev": true
    },
    "@types/webpack-env": {
      "version": "1.15.1",
      "dev": true
    },
    "@ztwx/logger": {
      "version": "0.0.3",
      "resolved": "https://registry.npmjs.org/@ztwx/logger/-/logger-0.0.3.tgz",
      "integrity": "sha512-0vxKw9Q+FvsKTyMrWXOoCIDmEFRFucKq91H580nqUfK43t5gbMRRhI01D+yQx+5U6dH1NRk9CCvPYGOAPh1FVQ=="
    },
    "tslib": {
      "version": "1.11.1",
      "dev": true
    },
    "typescript": {
      "version": "3.8.3",
      "dev": true
    }
  }
}
